
Microsoft Visual Studio Solution File, Format Version 12.00
# Visual Studio Version 16
VisualStudioVersion = 16.0.29306.81
MinimumVisualStudioVersion = 10.0.40219.1
Project("{8BC9CEB8-8B4A-11D0-8D11-00A0C91BC942}") = "INFR3110-F2020-Lesson4", "INFR3110-F2020-Lesson4\INFR3110-F2020-Lesson4.vcxproj", "{C7F0D77D-F063-495D-A3A7-30D666C72A0D}"
EndProject
Global
	GlobalSection(SolutionConfigurationPlatforms) = preSolution
		Debug|x64 = Debug|x64
		Debug|x86 = Debug|x86
		Release|x64 = Release|x64
		Release|x86 = Release|x86
	EndGlobalSection
	GlobalSection(ProjectConfigurationPlatforms) = postSolution
		{C7F0D77D-F063-495D-A3A7-30D666C72A0D}.Debug|x64.ActiveCfg = Debug|x64
		{C7F0D77D-F063-495D-A3A7-30D666C72A0D}.Debug|x64.Build.0 = Debug|x64
		{C7F0D77D-F063-495D-A3A7-30D666C72A0D}.Debug|x86.ActiveCfg = Debug|Win32
		{C7F0D77D-F063-495D-A3A7-30D666C72A0D}.Debug|x86.Build.0 = Debug|Win32
		{C7F0D77D-F063-495D-A3A7-30D666C72A0D}.Release|x64.ActiveCfg = Release|x64
		{C7F0D77D-F063-495D-A3A7-30D666C72A0D}.Release|x64.Build.0 = Release|x64
		{C7F0D77D-F063-495D-A3A7-30D666C72A0D}.Release|x86.ActiveCfg = Release|Win32
		{C7F0D77D-F063-495D-A3A7-30D666C72A0D}.Release|x86.Build.0 = Release|Win32
	EndGlobalSection
	GlobalSection(SolutionProperties) = preSolution
		HideSolutionNode = FALSE
	EndGlobalSection
	GlobalSection(ExtensibilityGlobals) = postSolution
		SolutionGuid = {508B2C3C-6007-4ECE-8DCE-7271791F1051}
	EndGlobalSection
EndGlobal
